
Microsoft Visual Studio Solution File, Format Version 12.00
# Visual Studio Version 16
VisualStudioVersion = 16.0.33027.164
MinimumVisualStudioVersion = 10.0.40219.1
Project("{FAE04EC0-301F-11D3-BF4B-00C04F79EFBC}") = "ClassMetotDemo", "ClassMetotDemo\ClassMetotDemo.csproj", "{DBAAD14A-852B-4F8D-8027-F4DFE5E6CC9A}"
EndProject
Project("{FAE04EC0-301F-11D3-BF4B-00C04F79EFBC}") = "OOP1", "OOP1\OOP1.csproj", "{92941448-ADE8-4CF5-B294-91B15B1C71EF}"
EndProject
Global
	GlobalSection(SolutionConfigurationPlatforms) = preSolution
		Debug|Any CPU = Debug|Any CPU
		Release|Any CPU = Release|Any CPU
	EndGlobalSection
	GlobalSection(ProjectConfigurationPlatforms) = postSolution
		{DBAAD14A-852B-4F8D-8027-F4DFE5E6CC9A}.Debug|Any CPU.ActiveCfg = Debug|Any CPU
		{DBAAD14A-852B-4F8D-8027-F4DFE5E6CC9A}.Debug|Any CPU.Build.0 = Debug|Any CPU
		{DBAAD14A-852B-4F8D-8027-F4DFE5E6CC9A}.Release|Any CPU.ActiveCfg = Release|Any CPU
		{DBAAD14A-852B-4F8D-8027-F4DFE5E6CC9A}.Release|Any CPU.Build.0 = Release|Any CPU
		{92941448-ADE8-4CF5-B294-91B15B1C71EF}.Debug|Any CPU.ActiveCfg = Debug|Any CPU
		{92941448-ADE8-4CF5-B294-91B15B1C71EF}.Debug|Any CPU.Build.0 = Debug|Any CPU
		{92941448-ADE8-4CF5-B294-91B15B1C71EF}.Release|Any CPU.ActiveCfg = Release|Any CPU
		{92941448-ADE8-4CF5-B294-91B15B1C71EF}.Release|Any CPU.Build.0 = Release|Any CPU
	EndGlobalSection
	GlobalSection(SolutionProperties) = preSolution
		HideSolutionNode = FALSE
	EndGlobalSection
	GlobalSection(ExtensibilityGlobals) = postSolution
		SolutionGuid = {67DAC69F-707A-42D1-AB22-EF8F5A4FFA10}
	EndGlobalSection
EndGlobal
